
Microsoft Visual Studio Solution File, Format Version 12.00
# Visual Studio Version 16
VisualStudioVersion = 16.0.30517.126
MinimumVisualStudioVersion = 10.0.40219.1
Project("{FAE04EC0-301F-11D3-BF4B-00C04F79EFBC}") = "EjerciciosClase", "EjerciciosClase\EjerciciosClase.csproj", "{CE3ABB84-4716-4CF6-B190-736797729A5F}"
EndProject
Global
	GlobalSection(SolutionConfigurationPlatforms) = preSolution
		Debug|Any CPU = Debug|Any CPU
		Release|Any CPU = Release|Any CPU
	EndGlobalSection
	GlobalSection(ProjectConfigurationPlatforms) = postSolution
		{CE3ABB84-4716-4CF6-B190-736797729A5F}.Debug|Any CPU.ActiveCfg = Debug|Any CPU
		{CE3ABB84-4716-4CF6-B190-736797729A5F}.Debug|Any CPU.Build.0 = Debug|Any CPU
		{CE3ABB84-4716-4CF6-B190-736797729A5F}.Release|Any CPU.ActiveCfg = Release|Any CPU
		{CE3ABB84-4716-4CF6-B190-736797729A5F}.Release|Any CPU.Build.0 = Release|Any CPU
	EndGlobalSection
	GlobalSection(SolutionProperties) = preSolution
		HideSolutionNode = FALSE
	EndGlobalSection
	GlobalSection(ExtensibilityGlobals) = postSolution
		SolutionGuid = {FB0D9592-26F5-4390-9137-06071FC13185}
	EndGlobalSection
EndGlobal
