
Microsoft Visual Studio Solution File, Format Version 12.00
# Visual Studio Version 16
VisualStudioVersion = 16.0.30523.141
MinimumVisualStudioVersion = 10.0.40219.1
Project("{FAE04EC0-301F-11D3-BF4B-00C04F79EFBC}") = "JoseManuelMonteagudo_Examen1", "JoseManuelMonteagudo_Examen1\JoseManuelMonteagudo_Examen1.csproj", "{B2FB676D-8740-49FC-A72D-83BEC80F5401}"
EndProject
Global
	GlobalSection(SolutionConfigurationPlatforms) = preSolution
		Debug|Any CPU = Debug|Any CPU
		Release|Any CPU = Release|Any CPU
	EndGlobalSection
	GlobalSection(ProjectConfigurationPlatforms) = postSolution
		{B2FB676D-8740-49FC-A72D-83BEC80F5401}.Debug|Any CPU.ActiveCfg = Debug|Any CPU
		{B2FB676D-8740-49FC-A72D-83BEC80F5401}.Debug|Any CPU.Build.0 = Debug|Any CPU
		{B2FB676D-8740-49FC-A72D-83BEC80F5401}.Release|Any CPU.ActiveCfg = Release|Any CPU
		{B2FB676D-8740-49FC-A72D-83BEC80F5401}.Release|Any CPU.Build.0 = Release|Any CPU
	EndGlobalSection
	GlobalSection(SolutionProperties) = preSolution
		HideSolutionNode = FALSE
	EndGlobalSection
	GlobalSection(ExtensibilityGlobals) = postSolution
		SolutionGuid = {898502E9-3318-44A0-BF8F-3C0636BCA8FE}
	EndGlobalSection
EndGlobal
